{
  "name": "node_ts",
  "version": "1.0.0",
  "lockfileVersion": 1,
  "requires": true,
  "dependencies": {
    "@types/node": {
      "version": "8.0.16",
      "resolved": "https://registry.npmjs.org/@types/node/-/node-8.0.16.tgz",
      "integrity": "sha512-P2XfbkmcAnP/XT5J5m59cQPbcIbszCwXRdngnBZefmqt1RgOv4RIFoIkG85QFDHWIt1T6bXogZP/tvh2dm/xEQ=="
    },
    "typescript": {
      "version": "2.4.2",
      "resolved": "https://registry.npmjs.org/typescript/-/typescript-2.4.2.tgz",
      "integrity": "sha1-+DlfhdRZJ2BnyYiqQYN6j4KHCEQ="
    }
  }
}
